
Microsoft Visual Studio Solution File, Format Version 12.00
# Visual Studio Version 17
VisualStudioVersion = 17.14.36121.58
MinimumVisualStudioVersion = 10.0.40219.1
Project("{FAE04EC0-301F-11D3-BF4B-00C04F79EFBC}") = "ContaOnline.Domain", "ContaOnline.Domain\ContaOnline.Domain.csproj", "{1C72F472-72C4-4314-81FA-56282DFDA22D}"
EndProject
Project("{FAE04EC0-301F-11D3-BF4B-00C04F79EFBC}") = "ContaOnline.Repository", "ContaOnline.Repository\ContaOnline.Repository.csproj", "{83ACB055-3EA1-4672-B78C-4195B090DD70}"
EndProject
Project("{FAE04EC0-301F-11D3-BF4B-00C04F79EFBC}") = "ContaOnline.Services", "ContaOnline.Services\ContaOnline.Services.csproj", "{E6649668-7128-4127-BE33-574434F9972E}"
EndProject
Global
	GlobalSection(SolutionConfigurationPlatforms) = preSolution
		Debug|Any CPU = Debug|Any CPU
		Release|Any CPU = Release|Any CPU
	EndGlobalSection
	GlobalSection(ProjectConfigurationPlatforms) = postSolution
		{1C72F472-72C4-4314-81FA-56282DFDA22D}.Debug|Any CPU.ActiveCfg = Debug|Any CPU
		{1C72F472-72C4-4314-81FA-56282DFDA22D}.Debug|Any CPU.Build.0 = Debug|Any CPU
		{1C72F472-72C4-4314-81FA-56282DFDA22D}.Release|Any CPU.ActiveCfg = Release|Any CPU
		{1C72F472-72C4-4314-81FA-56282DFDA22D}.Release|Any CPU.Build.0 = Release|Any CPU
		{83ACB055-3EA1-4672-B78C-4195B090DD70}.Debug|Any CPU.ActiveCfg = Debug|Any CPU
		{83ACB055-3EA1-4672-B78C-4195B090DD70}.Debug|Any CPU.Build.0 = Debug|Any CPU
		{83ACB055-3EA1-4672-B78C-4195B090DD70}.Release|Any CPU.ActiveCfg = Release|Any CPU
		{83ACB055-3EA1-4672-B78C-4195B090DD70}.Release|Any CPU.Build.0 = Release|Any CPU
		{E6649668-7128-4127-BE33-574434F9972E}.Debug|Any CPU.ActiveCfg = Debug|Any CPU
		{E6649668-7128-4127-BE33-574434F9972E}.Debug|Any CPU.Build.0 = Debug|Any CPU
		{E6649668-7128-4127-BE33-574434F9972E}.Release|Any CPU.ActiveCfg = Release|Any CPU
		{E6649668-7128-4127-BE33-574434F9972E}.Release|Any CPU.Build.0 = Release|Any CPU
	EndGlobalSection
	GlobalSection(SolutionProperties) = preSolution
		HideSolutionNode = FALSE
	EndGlobalSection
	GlobalSection(ExtensibilityGlobals) = postSolution
		SolutionGuid = {76AD135B-283C-4203-9469-0F752741B928}
	EndGlobalSection
EndGlobal
